{
  "requires": true,
  "lockfileVersion": 1,
  "dependencies": {
    "sweetalert2": {
      "version": "9.3.4",
      "resolved": "https://registry.npmjs.org/sweetalert2/-/sweetalert2-9.3.4.tgz",
      "integrity": "sha512-nyW+SAZUkiKpbKSDE33J9nF5UQnc7IGC1eDHeW80HkhsggvkmQN0Clq7PHXb1roLkBLJryb2evVLDc9jZmptRQ=="
    }
  }
}
